
Microsoft Visual Studio Solution File, Format Version 12.00
# Visual Studio Version 17
VisualStudioVersion = 17.10.34814.14
MinimumVisualStudioVersion = 10.0.40219.1
Project("{FAE04EC0-301F-11D3-BF4B-00C04F79EFBC}") = "Hangman", "Hangman.csproj", "{4AA207EE-6E15-4B95-91E9-50D41FC35EAC}"
EndProject
Global
	GlobalSection(SolutionConfigurationPlatforms) = preSolution
		Debug|Any CPU = Debug|Any CPU
		Release|Any CPU = Release|Any CPU
	EndGlobalSection
	GlobalSection(ProjectConfigurationPlatforms) = postSolution
		{4AA207EE-6E15-4B95-91E9-50D41FC35EAC}.Debug|Any CPU.ActiveCfg = Debug|Any CPU
		{4AA207EE-6E15-4B95-91E9-50D41FC35EAC}.Debug|Any CPU.Build.0 = Debug|Any CPU
		{4AA207EE-6E15-4B95-91E9-50D41FC35EAC}.Release|Any CPU.ActiveCfg = Release|Any CPU
		{4AA207EE-6E15-4B95-91E9-50D41FC35EAC}.Release|Any CPU.Build.0 = Release|Any CPU
	EndGlobalSection
	GlobalSection(SolutionProperties) = preSolution
		HideSolutionNode = FALSE
	EndGlobalSection
	GlobalSection(ExtensibilityGlobals) = postSolution
		SolutionGuid = {FD861E30-8798-45EF-BBF1-AC38E294C085}
	EndGlobalSection
EndGlobal
